
Microsoft Visual Studio Solution File, Format Version 12.00
# Visual Studio 15
VisualStudioVersion = 15.0.26403.0
MinimumVisualStudioVersion = 10.0.40219.1
Project("{FAE04EC0-301F-11D3-BF4B-00C04F79EFBC}") = "Sample", "Sample\Sample.csproj", "{08DA4039-B7D6-46EB-A798-54B99328124C}"
EndProject
Project("{9344BDBB-3E7F-41FC-A0DD-8665D75EE146}") = "CreativeGurus.Weather.Wunderground", "CreativeGurus.Weather.Wunderground\CreativeGurus.Weather.Wunderground.csproj", "{39E76A70-3BF9-4E05-A78C-2CEAF68FA5D5}"
EndProject
Global
	GlobalSection(SolutionConfigurationPlatforms) = preSolution
		Debug|Any CPU = Debug|Any CPU
		Release|Any CPU = Release|Any CPU
	EndGlobalSection
	GlobalSection(ProjectConfigurationPlatforms) = postSolution
		{08DA4039-B7D6-46EB-A798-54B99328124C}.Debug|Any CPU.ActiveCfg = Debug|Any CPU
		{08DA4039-B7D6-46EB-A798-54B99328124C}.Debug|Any CPU.Build.0 = Debug|Any CPU
		{08DA4039-B7D6-46EB-A798-54B99328124C}.Release|Any CPU.ActiveCfg = Release|Any CPU
		{08DA4039-B7D6-46EB-A798-54B99328124C}.Release|Any CPU.Build.0 = Release|Any CPU
		{39E76A70-3BF9-4E05-A78C-2CEAF68FA5D5}.Debug|Any CPU.ActiveCfg = Debug|Any CPU
		{39E76A70-3BF9-4E05-A78C-2CEAF68FA5D5}.Debug|Any CPU.Build.0 = Debug|Any CPU
		{39E76A70-3BF9-4E05-A78C-2CEAF68FA5D5}.Release|Any CPU.ActiveCfg = Release|Any CPU
		{39E76A70-3BF9-4E05-A78C-2CEAF68FA5D5}.Release|Any CPU.Build.0 = Release|Any CPU
	EndGlobalSection
	GlobalSection(SolutionProperties) = preSolution
		HideSolutionNode = FALSE
	EndGlobalSection
EndGlobal
