
Microsoft Visual Studio Solution File, Format Version 12.00
# Visual Studio 14
VisualStudioVersion = 14.0.25420.1
MinimumVisualStudioVersion = 10.0.40219.1
Project("{FAE04EC0-301F-11D3-BF4B-00C04F79EFBC}") = "CreativeGurus.Weather.Wunderground", "WundergroundAPI\CreativeGurus.Weather.Wunderground.csproj", "{2530CF11-EAFA-4B60-B151-D0A056C846B2}"
EndProject
Project("{FAE04EC0-301F-11D3-BF4B-00C04F79EFBC}") = "Sample", "Sample\Sample.csproj", "{08DA4039-B7D6-46EB-A798-54B99328124C}"
EndProject
Global
	GlobalSection(SolutionConfigurationPlatforms) = preSolution
		Debug|Any CPU = Debug|Any CPU
		Release|Any CPU = Release|Any CPU
	EndGlobalSection
	GlobalSection(ProjectConfigurationPlatforms) = postSolution
		{2530CF11-EAFA-4B60-B151-D0A056C846B2}.Debug|Any CPU.ActiveCfg = Debug|Any CPU
		{2530CF11-EAFA-4B60-B151-D0A056C846B2}.Debug|Any CPU.Build.0 = Debug|Any CPU
		{2530CF11-EAFA-4B60-B151-D0A056C846B2}.Release|Any CPU.ActiveCfg = Release|Any CPU
		{2530CF11-EAFA-4B60-B151-D0A056C846B2}.Release|Any CPU.Build.0 = Release|Any CPU
		{08DA4039-B7D6-46EB-A798-54B99328124C}.Debug|Any CPU.ActiveCfg = Debug|Any CPU
		{08DA4039-B7D6-46EB-A798-54B99328124C}.Debug|Any CPU.Build.0 = Debug|Any CPU
		{08DA4039-B7D6-46EB-A798-54B99328124C}.Release|Any CPU.ActiveCfg = Release|Any CPU
		{08DA4039-B7D6-46EB-A798-54B99328124C}.Release|Any CPU.Build.0 = Release|Any CPU
	EndGlobalSection
	GlobalSection(SolutionProperties) = preSolution
		HideSolutionNode = FALSE
	EndGlobalSection
EndGlobal
