
Microsoft Visual Studio Solution File, Format Version 12.00
# Visual Studio 2012
Project("{FAE04EC0-301F-11D3-BF4B-00C04F79EFBC}") = "WundergroundAPI", "WundergroundAPI\WundergroundAPI.csproj", "{2530CF11-EAFA-4B60-B151-D0A056C846B2}"
EndProject
Project("{FAE04EC0-301F-11D3-BF4B-00C04F79EFBC}") = "TestConsole", "TestConsole\TestConsole.csproj", "{59E2E578-10C4-4733-9BA8-EB35C8B31D36}"
EndProject
Global
	GlobalSection(SolutionConfigurationPlatforms) = preSolution
		Debug|Any CPU = Debug|Any CPU
		Release|Any CPU = Release|Any CPU
	EndGlobalSection
	GlobalSection(ProjectConfigurationPlatforms) = postSolution
		{2530CF11-EAFA-4B60-B151-D0A056C846B2}.Debug|Any CPU.ActiveCfg = Debug|Any CPU
		{2530CF11-EAFA-4B60-B151-D0A056C846B2}.Debug|Any CPU.Build.0 = Debug|Any CPU
		{2530CF11-EAFA-4B60-B151-D0A056C846B2}.Release|Any CPU.ActiveCfg = Release|Any CPU
		{2530CF11-EAFA-4B60-B151-D0A056C846B2}.Release|Any CPU.Build.0 = Release|Any CPU
		{59E2E578-10C4-4733-9BA8-EB35C8B31D36}.Debug|Any CPU.ActiveCfg = Debug|Any CPU
		{59E2E578-10C4-4733-9BA8-EB35C8B31D36}.Debug|Any CPU.Build.0 = Debug|Any CPU
		{59E2E578-10C4-4733-9BA8-EB35C8B31D36}.Release|Any CPU.ActiveCfg = Release|Any CPU
		{59E2E578-10C4-4733-9BA8-EB35C8B31D36}.Release|Any CPU.Build.0 = Release|Any CPU
	EndGlobalSection
	GlobalSection(SolutionProperties) = preSolution
		HideSolutionNode = FALSE
	EndGlobalSection
EndGlobal
